
Microsoft Visual Studio Solution File, Format Version 12.00
# Visual Studio Version 16
VisualStudioVersion = 16.0.29020.237
MinimumVisualStudioVersion = 10.0.40219.1
Project("{888888A0-9F3D-457C-B088-3A5042F75D52}") = "resdec-solution-backend", "resdec-solution-backend.pyproj", "{AD1808AC-8F82-438B-B725-FFC19A49222B}"
EndProject
Global
	GlobalSection(SolutionConfigurationPlatforms) = preSolution
		Debug|Any CPU = Debug|Any CPU
		Release|Any CPU = Release|Any CPU
	EndGlobalSection
	GlobalSection(ProjectConfigurationPlatforms) = postSolution
		{AD1808AC-8F82-438B-B725-FFC19A49222B}.Debug|Any CPU.ActiveCfg = Debug|Any CPU
		{AD1808AC-8F82-438B-B725-FFC19A49222B}.Debug|Any CPU.Build.0 = Debug|Any CPU
		{AD1808AC-8F82-438B-B725-FFC19A49222B}.Release|Any CPU.ActiveCfg = Release|Any CPU
		{AD1808AC-8F82-438B-B725-FFC19A49222B}.Release|Any CPU.Build.0 = Release|Any CPU
	EndGlobalSection
	GlobalSection(SolutionProperties) = preSolution
		HideSolutionNode = FALSE
	EndGlobalSection
	GlobalSection(ExtensibilityGlobals) = postSolution
		SolutionGuid = {9C7D165F-FC14-4FF9-B952-0024E4810397}
	EndGlobalSection
EndGlobal
